
Microsoft Visual Studio Solution File, Format Version 12.00
# Visual Studio Version 17
VisualStudioVersion = 17.9.34728.123
MinimumVisualStudioVersion = 10.0.40219.1
Project("{FAE04EC0-301F-11D3-BF4B-00C04F79EFBC}") = "200565871", "200565871.csproj", "{CE25EE2E-CC15-44BF-A89B-902A4EB4AEF7}"
EndProject
Global
	GlobalSection(SolutionConfigurationPlatforms) = preSolution
		Debug|Any CPU = Debug|Any CPU
		Release|Any CPU = Release|Any CPU
	EndGlobalSection
	GlobalSection(ProjectConfigurationPlatforms) = postSolution
		{CE25EE2E-CC15-44BF-A89B-902A4EB4AEF7}.Debug|Any CPU.ActiveCfg = Debug|Any CPU
		{CE25EE2E-CC15-44BF-A89B-902A4EB4AEF7}.Debug|Any CPU.Build.0 = Debug|Any CPU
		{CE25EE2E-CC15-44BF-A89B-902A4EB4AEF7}.Release|Any CPU.ActiveCfg = Release|Any CPU
		{CE25EE2E-CC15-44BF-A89B-902A4EB4AEF7}.Release|Any CPU.Build.0 = Release|Any CPU
	EndGlobalSection
	GlobalSection(SolutionProperties) = preSolution
		HideSolutionNode = FALSE
	EndGlobalSection
	GlobalSection(ExtensibilityGlobals) = postSolution
		SolutionGuid = {104224F1-F091-4C64-95E9-05AAD61C20DF}
	EndGlobalSection
EndGlobal
